
Microsoft Visual Studio Solution File, Format Version 12.00
# Visual Studio Version 17
VisualStudioVersion = 17.14.36414.22
MinimumVisualStudioVersion = 10.0.40219.1
Project("{2150E333-8FDC-42A3-9474-1A3956D46DE8}") = "Task0", "Task0", "{02EA681E-C7D8-13C7-8484-4AC65E1B71E8}"
EndProject
Project("{FAE04EC0-301F-11D3-BF4B-00C04F79EFBC}") = "Tyuiu.ShakirovSA.Sprint1.Task0.V5", "Tyuiu.ShakirovSA.Sprint1.Task0.V5\Tyuiu.ShakirovSA.Sprint1.Task0.V5.csproj", "{B4972998-1C47-4EB9-BA4A-D09974C3D8E2}"
EndProject
Project("{FAE04EC0-301F-11D3-BF4B-00C04F79EFBC}") = "Tyuiu.ShakirovSA.Sprint1.Task0.V5.Lib", "Tyuiu.ShakirovSA.Sprint1.Task0.V5.Lib\Tyuiu.ShakirovSA.Sprint1.Task0.V5.Lib.csproj", "{C67DAD2C-EF54-4EDE-8FF1-044252DF24A2}"
EndProject
Project("{FAE04EC0-301F-11D3-BF4B-00C04F79EFBC}") = "Tyuiu.ShakirovSA.Sprint1.Task0.V5.Test", "Tyuiu.ShakirovSA.Sprint1.Task0.V5.Test\Tyuiu.ShakirovSA.Sprint1.Task0.V5.Test.csproj", "{4FF70BF8-9174-4D8B-AE9D-3563F8C1A762}"
EndProject
Project("{2150E333-8FDC-42A3-9474-1A3956D46DE8}") = "Task1", "Task1", "{08D7BF26-656A-443F-B6A0-BA1BC2A78E37}"
EndProject
Project("{FAE04EC0-301F-11D3-BF4B-00C04F79EFBC}") = "Tyuiu.ShakirovSA.Sprint1.Task1.V23.Test", "Tyuiu.ShakirovSA.Sprint1.Task1.V23.Test\Tyuiu.ShakirovSA.Sprint1.Task1.V23.Test.csproj", "{FA4B1C7F-E801-4695-9FFE-9B35553C8F15}"
EndProject
Project("{FAE04EC0-301F-11D3-BF4B-00C04F79EFBC}") = "Tyuiu.ShakirovSA.Sprint1.Task1.V23", "Tyuiu.ShakirovSA.Sprint1.Task1.V23\Tyuiu.ShakirovSA.Sprint1.Task1.V23.csproj", "{CFB367C7-B92F-451C-97A2-0263E42AB653}"
EndProject
Project("{FAE04EC0-301F-11D3-BF4B-00C04F79EFBC}") = "Tyuiu.ShakirovSA.Sprint1.Task1.V23.Lib", "Tyuiu.ShakirovSA.Sprint1.Task1.V23.Lib\Tyuiu.ShakirovSA.Sprint1.Task1.V23.Lib.csproj", "{AF5DAE36-74E3-4F67-BB60-9AE1D26F5FF9}"
EndProject
Global
	GlobalSection(SolutionConfigurationPlatforms) = preSolution
		Debug|Any CPU = Debug|Any CPU
		Release|Any CPU = Release|Any CPU
	EndGlobalSection
	GlobalSection(ProjectConfigurationPlatforms) = postSolution
		{B4972998-1C47-4EB9-BA4A-D09974C3D8E2}.Debug|Any CPU.ActiveCfg = Debug|Any CPU
		{B4972998-1C47-4EB9-BA4A-D09974C3D8E2}.Debug|Any CPU.Build.0 = Debug|Any CPU
		{B4972998-1C47-4EB9-BA4A-D09974C3D8E2}.Release|Any CPU.ActiveCfg = Release|Any CPU
		{B4972998-1C47-4EB9-BA4A-D09974C3D8E2}.Release|Any CPU.Build.0 = Release|Any CPU
		{C67DAD2C-EF54-4EDE-8FF1-044252DF24A2}.Debug|Any CPU.ActiveCfg = Debug|Any CPU
		{C67DAD2C-EF54-4EDE-8FF1-044252DF24A2}.Debug|Any CPU.Build.0 = Debug|Any CPU
		{C67DAD2C-EF54-4EDE-8FF1-044252DF24A2}.Release|Any CPU.ActiveCfg = Release|Any CPU
		{C67DAD2C-EF54-4EDE-8FF1-044252DF24A2}.Release|Any CPU.Build.0 = Release|Any CPU
		{4FF70BF8-9174-4D8B-AE9D-3563F8C1A762}.Debug|Any CPU.ActiveCfg = Debug|Any CPU
		{4FF70BF8-9174-4D8B-AE9D-3563F8C1A762}.Debug|Any CPU.Build.0 = Debug|Any CPU
		{4FF70BF8-9174-4D8B-AE9D-3563F8C1A762}.Release|Any CPU.ActiveCfg = Release|Any CPU
		{4FF70BF8-9174-4D8B-AE9D-3563F8C1A762}.Release|Any CPU.Build.0 = Release|Any CPU
		{FA4B1C7F-E801-4695-9FFE-9B35553C8F15}.Debug|Any CPU.ActiveCfg = Debug|Any CPU
		{FA4B1C7F-E801-4695-9FFE-9B35553C8F15}.Debug|Any CPU.Build.0 = Debug|Any CPU
		{FA4B1C7F-E801-4695-9FFE-9B35553C8F15}.Release|Any CPU.ActiveCfg = Release|Any CPU
		{FA4B1C7F-E801-4695-9FFE-9B35553C8F15}.Release|Any CPU.Build.0 = Release|Any CPU
		{CFB367C7-B92F-451C-97A2-0263E42AB653}.Debug|Any CPU.ActiveCfg = Debug|Any CPU
		{CFB367C7-B92F-451C-97A2-0263E42AB653}.Debug|Any CPU.Build.0 = Debug|Any CPU
		{CFB367C7-B92F-451C-97A2-0263E42AB653}.Release|Any CPU.ActiveCfg = Release|Any CPU
		{CFB367C7-B92F-451C-97A2-0263E42AB653}.Release|Any CPU.Build.0 = Release|Any CPU
		{AF5DAE36-74E3-4F67-BB60-9AE1D26F5FF9}.Debug|Any CPU.ActiveCfg = Debug|Any CPU
		{AF5DAE36-74E3-4F67-BB60-9AE1D26F5FF9}.Debug|Any CPU.Build.0 = Debug|Any CPU
		{AF5DAE36-74E3-4F67-BB60-9AE1D26F5FF9}.Release|Any CPU.ActiveCfg = Release|Any CPU
		{AF5DAE36-74E3-4F67-BB60-9AE1D26F5FF9}.Release|Any CPU.Build.0 = Release|Any CPU
	EndGlobalSection
	GlobalSection(SolutionProperties) = preSolution
		HideSolutionNode = FALSE
	EndGlobalSection
	GlobalSection(NestedProjects) = preSolution
		{B4972998-1C47-4EB9-BA4A-D09974C3D8E2} = {02EA681E-C7D8-13C7-8484-4AC65E1B71E8}
		{C67DAD2C-EF54-4EDE-8FF1-044252DF24A2} = {02EA681E-C7D8-13C7-8484-4AC65E1B71E8}
		{4FF70BF8-9174-4D8B-AE9D-3563F8C1A762} = {02EA681E-C7D8-13C7-8484-4AC65E1B71E8}
		{FA4B1C7F-E801-4695-9FFE-9B35553C8F15} = {08D7BF26-656A-443F-B6A0-BA1BC2A78E37}
		{CFB367C7-B92F-451C-97A2-0263E42AB653} = {08D7BF26-656A-443F-B6A0-BA1BC2A78E37}
		{AF5DAE36-74E3-4F67-BB60-9AE1D26F5FF9} = {08D7BF26-656A-443F-B6A0-BA1BC2A78E37}
	EndGlobalSection
	GlobalSection(ExtensibilityGlobals) = postSolution
		SolutionGuid = {06A663A8-15E6-4F78-8A33-A1DEB103B4F3}
	EndGlobalSection
EndGlobal
